{
  "nodes": {
    "fleek": {
      "inputs": {
        "nixpkgs": "nixpkgs"
      },
      "locked": {
        "lastModified": 1686585950,
        "narHash": "sha256-jEceZbchp01qIm2uJ8JPztmVXPc7tL2ZTYDu3sHPmYo=",
        "owner": "ublue-os",
        "repo": "fleek",
        "rev": "839fb28aedd47d4f16cba3b15dc3c75e6d3158f8",
        "type": "github"
      },
      "original": {
        "owner": "ublue-os",
        "repo": "fleek",
        "type": "github"
      }
    },
    "home-manager": {
      "inputs": {
        "nixpkgs": [
          "nixpkgs"
        ]
      },
      "locked": {
        "lastModified": 1686724286,
        "narHash": "sha256-TREhlFfPlaOisADxKotzVqHpHwQE1JLeDBqgw7ke5PM=",
        "owner": "nix-community",
        "repo": "home-manager",
        "rev": "75b24cc557d4947ab46691142863e5a5db5c3f78",
        "type": "github"
      },
      "original": {
        "owner": "nix-community",
        "repo": "home-manager",
        "type": "github"
      }
    },
    "nixpkgs": {
      "locked": {
        "lastModified": 1681154110,
        "narHash": "sha256-OQwWzlzAY1dCqgSsgZzsPIOGmX4pBGaoXOy0rSl4b5Y=",
        "owner": "NixOS",
        "repo": "nixpkgs",
        "rev": "115a96e2ac1e92937cd47c30e073e16dcaaf6247",
        "type": "github"
      },
      "original": {
        "owner": "NixOS",
        "ref": "release-22.11",
        "repo": "nixpkgs",
        "type": "github"
      }
    },
    "nixpkgs_2": {
      "locked": {
        "lastModified": 1686501370,
        "narHash": "sha256-G0WuM9fqTPRc2URKP9Lgi5nhZMqsfHGrdEbrLvAPJcg=",
        "owner": "nixos",
        "repo": "nixpkgs",
        "rev": "75a5ebf473cd60148ba9aec0d219f72e5cf52519",
        "type": "github"
      },
      "original": {
        "owner": "nixos",
        "ref": "nixos-unstable",
        "repo": "nixpkgs",
        "type": "github"
      }
    },
    "root": {
      "inputs": {
        "fleek": "fleek",
        "home-manager": "home-manager",
        "nixpkgs": "nixpkgs_2"
      }
    }
  },
  "root": "root",
  "version": 7
}
